[[package]]
category = "dev"
description = "Build and publish crates with pyo3, rust-cpython and cffi bindings as well as rust binaries as python packages"
name = "maturin"
optional = false
python-versions = ">=3.5"
version = "0.8.3"

[package.dependencies]
toml = ">=0.10.0,<0.11.0"

[[package]]
category = "dev"
description = "Python Library for Tom's Obvious, Minimal Language"
name = "toml"
optional = false
python-versions = "*"
version = "0.10.1"

[metadata]
content-hash = "cc6eb5f3dfa3e31f3389112f780b30432c79554e737a40a857d4fbca22324bc1"
python-versions = "^3.8"

[metadata.files]
maturin = [
    {file = "maturin-0.8.3-py3-none-macosx_10_7_x86_64.whl", hash = "sha256:695620e280a45919a30a064eb2f6f7e15862cea1f7ed0e9c9581624aa27e0e7f"},
    {file = "maturin-0.8.3-py3-none-manylinux1_i686.whl", hash = "sha256:e5816daa6e3bc09f01d33f7dfb26f4d5d2b44dd00253896cd773f367537d81d5"},
    {file = "maturin-0.8.3-py3-none-manylinux1_x86_64.whl", hash = "sha256:0989bcd525a1cf0af0966924f139a88688b76c4c60446203c8014f3a757ef373"},
    {file = "maturin-0.8.3-py3-none-manylinux2014_aarch64.whl", hash = "sha256:7cfbfed827d75e148297f747f979a4362bb94582221196bae85834a9e17b5186"},
    {file = "maturin-0.8.3-py3-none-win32.whl", hash = "sha256:7e68fd4eb163c30e7285e8002762ba295251d8882a81c3e8af99b4f9bc23c3d5"},
    {file = "maturin-0.8.3-py3-none-win_amd64.whl", hash = "sha256:750a0b009e8cd0a5fa085f27242e91b81545964301d06da354433675cdf146ad"},
    {file = "maturin-0.8.3.tar.gz", hash = "sha256:c4916d17a8f0f8fc8d712af372dfc5eb4544e73044ecb9d5fca940b5c121bb88"},
]
toml = [
    {file = "toml-0.10.1-py2.py3-none-any.whl", hash = "sha256:bda89d5935c2eac546d648028b9901107a595863cb36bae0c73ac804a9b4ce88"},
    {file = "toml-0.10.1.tar.gz", hash = "sha256:926b612be1e5ce0634a2ca03470f95169cf16f939018233a670519cb4ac58b0f"},
]
